// !$*UTF8*$!
{
	archiveVersion = 1;
	classes = {
	};
	objectVersion = 56;
	objects = {

/* Begin PBXBuildFile section */
		AA4E48C529F23B2E001F5151 /* AppDelegate.swift in Sources */ = {isa = PBXBuildFile; fileRef = AA4E48C429F23B2E001F5151 /* AppDelegate.swift */; };
		AA4E48C729F23B2E001F5151 /* SceneDelegate.swift in Sources */ = {isa = PBXBuildFile; fileRef = AA4E48C629F23B2E001F5151 /* SceneDelegate.swift */; };
		AA4E48C929F23B2E001F5151 /* ViewController.swift in Sources */ = {isa = PBXBuildFile; fileRef = AA4E48C829F23B2E001F5151 /* ViewController.swift */; };
		AA4E48CC29F23B2E001F5151 /* Main.storyboard in Resources */ = {isa = PBXBuildFile; fileRef = AA4E48CA29F23B2E001F5151 /* Main.storyboard */; };
		AA4E48CE29F23B2F001F5151 /* Assets.xcassets in Resources */ = {isa = PBXBuildFile; fileRef = AA4E48CD29F23B2F001F5151 /* Assets.xcassets */; };
		AA4E48D129F23B2F001F5151 /* LaunchScreen.storyboard in Resources */ = {isa = PBXBuildFile; fileRef = AA4E48CF29F23B2F001F5151 /* LaunchScreen.storyboard */; };
		AA4E48E129F23E5E001F5151 /* Window.h in Headers */ = {isa = PBXBuildFile; fileRef = AA4E48E029F23E5E001F5151 /* Window.h */; settings = {ATTRIBUTES = (Public, ); }; };
		AA4E48E429F23E5E001F5151 /* Window.framework in Frameworks */ = {isa = PBXBuildFile; fileRef = AA4E48DE29F23E5E001F5151 /* Window.framework */; };
		AA4E48E529F23E5E001F5151 /* Window.framework in Embed Frameworks */ = {isa = PBXBuildFile; fileRef = AA4E48DE29F23E5E001F5151 /* Window.framework */; settings = {ATTRIBUTES = (CodeSignOnCopy, RemoveHeadersOnCopy, ); }; };
		AA4E48EB29F23EFC001F5151 /* Window.swift in Sources */ = {isa = PBXBuildFile; fileRef = AA4E48EA29F23EFC001F5151 /* Window.swift */; };
		AA4E48ED29F23F80001F5151 /* Presenter.swift in Sources */ = {isa = PBXBuildFile; fileRef = AA4E48EC29F23F80001F5151 /* Presenter.swift */; };
		AA4E48EF29F23FE7001F5151 /* Router.swift in Sources */ = {isa = PBXBuildFile; fileRef = AA4E48EE29F23FE7001F5151 /* Router.swift */; };
		AA4E48F129F2404F001F5151 /* Builder.swift in Sources */ = {isa = PBXBuildFile; fileRef = AA4E48F029F2404F001F5151 /* Builder.swift */; };
		AA9E56FF29F242C100510B3B /* Landing.h in Headers */ = {isa = PBXBuildFile; fileRef = AA9E56FE29F242C100510B3B /* Landing.h */; settings = {ATTRIBUTES = (Public, ); }; };
		AA9E570229F242C100510B3B /* Landing.framework in Frameworks */ = {isa = PBXBuildFile; fileRef = AA9E56FC29F242C100510B3B /* Landing.framework */; };
		AA9E570329F242C100510B3B /* Landing.framework in Embed Frameworks */ = {isa = PBXBuildFile; fileRef = AA9E56FC29F242C100510B3B /* Landing.framework */; settings = {ATTRIBUTES = (CodeSignOnCopy, RemoveHeadersOnCopy, ); }; };
		AA9E570829F2430F00510B3B /* Landing.storyboard in Resources */ = {isa = PBXBuildFile; fileRef = AA9E570729F2430F00510B3B /* Landing.storyboard */; };
		AA9E570A29F2433200510B3B /* LandingViewController.swift in Sources */ = {isa = PBXBuildFile; fileRef = AA9E570929F2433200510B3B /* LandingViewController.swift */; };
		AA9E570E29F2439900510B3B /* Builder.swift in Sources */ = {isa = PBXBuildFile; fileRef = AA9E570D29F2439900510B3B /* Builder.swift */; };
		AA9E572429F247A200510B3B /* Landing.xcassets in Resources */ = {isa = PBXBuildFile; fileRef = AA9E572329F247A200510B3B /* Landing.xcassets */; };
		AAB4641B29F369FD000E7104 /* ChatroomLogin.h in Headers */ = {isa = PBXBuildFile; fileRef = AAB4641A29F369FD000E7104 /* ChatroomLogin.h */; settings = {ATTRIBUTES = (Public, ); }; };
		AAB4641E29F369FD000E7104 /* ChatroomLogin.framework in Frameworks */ = {isa = PBXBuildFile; fileRef = AAB4641829F369FD000E7104 /* ChatroomLogin.framework */; };
		AAB4641F29F369FD000E7104 /* ChatroomLogin.framework in Embed Frameworks */ = {isa = PBXBuildFile; fileRef = AAB4641829F369FD000E7104 /* ChatroomLogin.framework */; settings = {ATTRIBUTES = (CodeSignOnCopy, RemoveHeadersOnCopy, ); }; };
		AAB4642429F36A54000E7104 /* ChatroomLogin.storyboard in Resources */ = {isa = PBXBuildFile; fileRef = AAB4642329F36A54000E7104 /* ChatroomLogin.storyboard */; };
		AAB4642629F36A6E000E7104 /* ChatroomLoginViewConrtoller.swift in Sources */ = {isa = PBXBuildFile; fileRef = AAB4642529F36A6E000E7104 /* ChatroomLoginViewConrtoller.swift */; };
		AAB4642A29F36B01000E7104 /* UtilityShared.framework in Frameworks */ = {isa = PBXBuildFile; fileRef = AAD012A329F24AC0002C2932 /* UtilityShared.framework */; };
		AAB4642B29F36B01000E7104 /* UtilityShared.framework in Embed Frameworks */ = {isa = PBXBuildFile; fileRef = AAD012A329F24AC0002C2932 /* UtilityShared.framework */; settings = {ATTRIBUTES = (CodeSignOnCopy, RemoveHeadersOnCopy, ); }; };
		AAB4642F29F36B0A000E7104 /* UtilityShared.framework in Frameworks */ = {isa = PBXBuildFile; fileRef = AAD012A329F24AC0002C2932 /* UtilityShared.framework */; };
		AAB4643029F36B0A000E7104 /* UtilityShared.framework in Embed Frameworks */ = {isa = PBXBuildFile; fileRef = AAD012A329F24AC0002C2932 /* UtilityShared.framework */; settings = {ATTRIBUTES = (CodeSignOnCopy, RemoveHeadersOnCopy, ); }; };
		AAB4643429F36B1C000E7104 /* Landing.framework in Frameworks */ = {isa = PBXBuildFile; fileRef = AA9E56FC29F242C100510B3B /* Landing.framework */; };
		AAB4643529F36B1C000E7104 /* Landing.framework in Embed Frameworks */ = {isa = PBXBuildFile; fileRef = AA9E56FC29F242C100510B3B /* Landing.framework */; settings = {ATTRIBUTES = (CodeSignOnCopy, RemoveHeadersOnCopy, ); }; };
		AAB4643929F36B59000E7104 /* Builder.swift in Sources */ = {isa = PBXBuildFile; fileRef = AAB4642729F36A97000E7104 /* Builder.swift */; };
		AAB4643B29F36BBB000E7104 /* ChatroomLogin.xcassets in Resources */ = {isa = PBXBuildFile; fileRef = AAB4643A29F36BBB000E7104 /* ChatroomLogin.xcassets */; };
		AAD012A629F24AC0002C2932 /* UtilityShared.h in Headers */ = {isa = PBXBuildFile; fileRef = AAD012A529F24AC0002C2932 /* UtilityShared.h */; settings = {ATTRIBUTES = (Public, ); }; };
		AAD012A929F24AC0002C2932 /* UtilityShared.framework in Frameworks */ = {isa = PBXBuildFile; fileRef = AAD012A329F24AC0002C2932 /* UtilityShared.framework */; };
		AAD012AA29F24AC0002C2932 /* UtilityShared.framework in Embed Frameworks */ = {isa = PBXBuildFile; fileRef = AAD012A329F24AC0002C2932 /* UtilityShared.framework */; settings = {ATTRIBUTES = (CodeSignOnCopy, RemoveHeadersOnCopy, ); }; };
		AAD012AF29F24AE0002C2932 /* UIViewController+Extensions.swift in Sources */ = {isa = PBXBuildFile; fileRef = AAD012AE29F24AE0002C2932 /* UIViewController+Extensions.swift */; };
		AAEDFC2329F373EE0031DF3A /* ChatroomLogin.framework in Frameworks */ = {isa = PBXBuildFile; fileRef = AAB4641829F369FD000E7104 /* ChatroomLogin.framework */; };
		AAEDFC2429F373EE0031DF3A /* ChatroomLogin.framework in Embed Frameworks */ = {isa = PBXBuildFile; fileRef = AAB4641829F369FD000E7104 /* ChatroomLogin.framework */; settings = {ATTRIBUTES = (CodeSignOnCopy, RemoveHeadersOnCopy, ); }; };
/* End PBXBuildFile section */

/* Begin PBXContainerItemProxy section */
		AA4E48E229F23E5E001F5151 /* PBXContainerItemProxy */ = {
			isa = PBXContainerItemProxy;
			containerPortal = AA4E48B929F23B2E001F5151 /* Project object */;
			proxyType = 1;
			remoteGlobalIDString = AA4E48DD29F23E5E001F5151;
			remoteInfo = Window;
		};
		AA9E570029F242C100510B3B /* PBXContainerItemProxy */ = {
			isa = PBXContainerItemProxy;
			containerPortal = AA4E48B929F23B2E001F5151 /* Project object */;
			proxyType = 1;
			remoteGlobalIDString = AA9E56FB29F242C100510B3B;
			remoteInfo = Landing;
		};
		AAB4641C29F369FD000E7104 /* PBXContainerItemProxy */ = {
			isa = PBXContainerItemProxy;
			containerPortal = AA4E48B929F23B2E001F5151 /* Project object */;
			proxyType = 1;
			remoteGlobalIDString = AAB4641729F369FD000E7104;
			remoteInfo = ChatroomLogin;
		};
		AAB4642C29F36B01000E7104 /* PBXContainerItemProxy */ = {
			isa = PBXContainerItemProxy;
			containerPortal = AA4E48B929F23B2E001F5151 /* Project object */;
			proxyType = 1;
			remoteGlobalIDString = AAD012A229F24AC0002C2932;
			remoteInfo = UtilityShared;
		};
		AAB4643129F36B0A000E7104 /* PBXContainerItemProxy */ = {
			isa = PBXContainerItemProxy;
			containerPortal = AA4E48B929F23B2E001F5151 /* Project object */;
			proxyType = 1;
			remoteGlobalIDString = AAD012A229F24AC0002C2932;
			remoteInfo = UtilityShared;
		};
		AAB4643629F36B1C000E7104 /* PBXContainerItemProxy */ = {
			isa = PBXContainerItemProxy;
			containerPortal = AA4E48B929F23B2E001F5151 /* Project object */;
			proxyType = 1;
			remoteGlobalIDString = AA9E56FB29F242C100510B3B;
			remoteInfo = Landing;
		};
		AAD012A729F24AC0002C2932 /* PBXContainerItemProxy */ = {
			isa = PBXContainerItemProxy;
			containerPortal = AA4E48B929F23B2E001F5151 /* Project object */;
			proxyType = 1;
			remoteGlobalIDString = AAD012A229F24AC0002C2932;
			remoteInfo = UtilityShared;
		};
		AAEDFC2529F373EE0031DF3A /* PBXContainerItemProxy */ = {
			isa = PBXContainerItemProxy;
			containerPortal = AA4E48B929F23B2E001F5151 /* Project object */;
			proxyType = 1;
			remoteGlobalIDString = AAB4641729F369FD000E7104;
			remoteInfo = ChatroomLogin;
		};
/* End PBXContainerItemProxy section */

/* Begin PBXCopyFilesBuildPhase section */
		AA4E48E929F23E5E001F5151 /* Embed Frameworks */ = {
			isa = PBXCopyFilesBuildPhase;
			buildActionMask = 2147483647;
			dstPath = "";
			dstSubfolderSpec = 10;
			files = (
				AA9E570329F242C100510B3B /* Landing.framework in Embed Frameworks */,
				AAB4641F29F369FD000E7104 /* ChatroomLogin.framework in Embed Frameworks */,
				AA4E48E529F23E5E001F5151 /* Window.framework in Embed Frameworks */,
				AAD012AA29F24AC0002C2932 /* UtilityShared.framework in Embed Frameworks */,
			);
			name = "Embed Frameworks";
			runOnlyForDeploymentPostprocessing = 0;
		};
		AAB4642E29F36B01000E7104 /* Embed Frameworks */ = {
			isa = PBXCopyFilesBuildPhase;
			buildActionMask = 2147483647;
			dstPath = "";
			dstSubfolderSpec = 10;
			files = (
				AAB4642B29F36B01000E7104 /* UtilityShared.framework in Embed Frameworks */,
			);
			name = "Embed Frameworks";
			runOnlyForDeploymentPostprocessing = 0;
		};
		AAB4643329F36B0A000E7104 /* Embed Frameworks */ = {
			isa = PBXCopyFilesBuildPhase;
			buildActionMask = 2147483647;
			dstPath = "";
			dstSubfolderSpec = 10;
			files = (
				AAB4643029F36B0A000E7104 /* UtilityShared.framework in Embed Frameworks */,
			);
			name = "Embed Frameworks";
			runOnlyForDeploymentPostprocessing = 0;
		};
		AAB4643829F36B1C000E7104 /* Embed Frameworks */ = {
			isa = PBXCopyFilesBuildPhase;
			buildActionMask = 2147483647;
			dstPath = "";
			dstSubfolderSpec = 10;
			files = (
				AAB4643529F36B1C000E7104 /* Landing.framework in Embed Frameworks */,
				AAEDFC2429F373EE0031DF3A /* ChatroomLogin.framework in Embed Frameworks */,
			);
			name = "Embed Frameworks";
			runOnlyForDeploymentPostprocessing = 0;
		};
/* End PBXCopyFilesBuildPhase section */

/* Begin PBXFileReference section */
		AA4E48C129F23B2E001F5151 /* Konnecting_Demo_Viper.app */ = {isa = PBXFileReference; explicitFileType = wrapper.application; includeInIndex = 0; path = Konnecting_Demo_Viper.app; sourceTree = BUILT_PRODUCTS_DIR; };
		AA4E48C429F23B2E001F5151 /* AppDelegate.swift */ = {isa = PBXFileReference; lastKnownFileType = sourcecode.swift; path = AppDelegate.swift; sourceTree = "<group>"; };
		AA4E48C629F23B2E001F5151 /* SceneDelegate.swift */ = {isa = PBXFileReference; lastKnownFileType = sourcecode.swift; path = SceneDelegate.swift; sourceTree = "<group>"; };
		AA4E48C829F23B2E001F5151 /* ViewController.swift */ = {isa = PBXFileReference; lastKnownFileType = sourcecode.swift; path = ViewController.swift; sourceTree = "<group>"; };
		AA4E48CB29F23B2E001F5151 /* Base */ = {isa = PBXFileReference; lastKnownFileType = file.storyboard; name = Base; path = Base.lproj/Main.storyboard; sourceTree = "<group>"; };
		AA4E48CD29F23B2F001F5151 /* Assets.xcassets */ = {isa = PBXFileReference; lastKnownFileType = folder.assetcatalog; path = Assets.xcassets; sourceTree = "<group>"; };
		AA4E48D029F23B2F001F5151 /* Base */ = {isa = PBXFileReference; lastKnownFileType = file.storyboard; name = Base; path = Base.lproj/LaunchScreen.storyboard; sourceTree = "<group>"; };
		AA4E48D229F23B2F001F5151 /* Info.plist */ = {isa = PBXFileReference; lastKnownFileType = text.plist.xml; path = Info.plist; sourceTree = "<group>"; };
		AA4E48DE29F23E5E001F5151 /* Window.framework */ = {isa = PBXFileReference; explicitFileType = wrapper.framework; includeInIndex = 0; path = Window.framework; sourceTree = BUILT_PRODUCTS_DIR; };
		AA4E48E029F23E5E001F5151 /* Window.h */ = {isa = PBXFileReference; lastKnownFileType = sourcecode.c.h; path = Window.h; sourceTree = "<group>"; };
		AA4E48EA29F23EFC001F5151 /* Window.swift */ = {isa = PBXFileReference; lastKnownFileType = sourcecode.swift; path = Window.swift; sourceTree = "<group>"; };
		AA4E48EC29F23F80001F5151 /* Presenter.swift */ = {isa = PBXFileReference; lastKnownFileType = sourcecode.swift; path = Presenter.swift; sourceTree = "<group>"; };
		AA4E48EE29F23FE7001F5151 /* Router.swift */ = {isa = PBXFileReference; lastKnownFileType = sourcecode.swift; path = Router.swift; sourceTree = "<group>"; };
		AA4E48F029F2404F001F5151 /* Builder.swift */ = {isa = PBXFileReference; lastKnownFileType = sourcecode.swift; path = Builder.swift; sourceTree = "<group>"; };
		AA9E56FC29F242C100510B3B /* Landing.framework */ = {isa = PBXFileReference; explicitFileType = wrapper.framework; includeInIndex = 0; path = Landing.framework; sourceTree = BUILT_PRODUCTS_DIR; };
		AA9E56FE29F242C100510B3B /* Landing.h */ = {isa = PBXFileReference; lastKnownFileType = sourcecode.c.h; path = Landing.h; sourceTree = "<group>"; };
		AA9E570729F2430F00510B3B /* Landing.storyboard */ = {isa = PBXFileReference; lastKnownFileType = file.storyboard; path = Landing.storyboard; sourceTree = "<group>"; };
		AA9E570929F2433200510B3B /* LandingViewController.swift */ = {isa = PBXFileReference; lastKnownFileType = sourcecode.swift; path = LandingViewController.swift; sourceTree = "<group>"; };
		AA9E570D29F2439900510B3B /* Builder.swift */ = {isa = PBXFileReference; lastKnownFileType = sourcecode.swift; path = Builder.swift; sourceTree = "<group>"; };
		AA9E572329F247A200510B3B /* Landing.xcassets */ = {isa = PBXFileReference; lastKnownFileType = folder.assetcatalog; path = Landing.xcassets; sourceTree = "<group>"; };
		AAB4641829F369FD000E7104 /* ChatroomLogin.framework */ = {isa = PBXFileReference; explicitFileType = wrapper.framework; includeInIndex = 0; path = ChatroomLogin.framework; sourceTree = BUILT_PRODUCTS_DIR; };
		AAB4641A29F369FD000E7104 /* ChatroomLogin.h */ = {isa = PBXFileReference; lastKnownFileType = sourcecode.c.h; path = ChatroomLogin.h; sourceTree = "<group>"; };
		AAB4642329F36A54000E7104 /* ChatroomLogin.storyboard */ = {isa = PBXFileReference; lastKnownFileType = file.storyboard; path = ChatroomLogin.storyboard; sourceTree = "<group>"; };
		AAB4642529F36A6E000E7104 /* ChatroomLoginViewConrtoller.swift */ = {isa = PBXFileReference; lastKnownFileType = sourcecode.swift; path = ChatroomLoginViewConrtoller.swift; sourceTree = "<group>"; };
		AAB4642729F36A97000E7104 /* Builder.swift */ = {isa = PBXFileReference; lastKnownFileType = sourcecode.swift; path = Builder.swift; sourceTree = "<group>"; };
		AAB4643A29F36BBB000E7104 /* ChatroomLogin.xcassets */ = {isa = PBXFileReference; lastKnownFileType = folder.assetcatalog; path = ChatroomLogin.xcassets; sourceTree = "<group>"; };
		AAD012A329F24AC0002C2932 /* UtilityShared.framework */ = {isa = PBXFileReference; explicitFileType = wrapper.framework; includeInIndex = 0; path = UtilityShared.framework; sourceTree = BUILT_PRODUCTS_DIR; };
		AAD012A529F24AC0002C2932 /* UtilityShared.h */ = {isa = PBXFileReference; lastKnownFileType = sourcecode.c.h; path = UtilityShared.h; sourceTree = "<group>"; };
		AAD012AE29F24AE0002C2932 /* UIViewController+Extensions.swift */ = {isa = PBXFileReference; lastKnownFileType = sourcecode.swift; path = "UIViewController+Extensions.swift"; sourceTree = "<group>"; };
/* End PBXFileReference section */

/* Begin PBXFrameworksBuildPhase section */
		AA4E48BE29F23B2E001F5151 /* Frameworks */ = {
			isa = PBXFrameworksBuildPhase;
			buildActionMask = 2147483647;
			files = (
				AA9E570229F242C100510B3B /* Landing.framework in Frameworks */,
				AAB4641E29F369FD000E7104 /* ChatroomLogin.framework in Frameworks */,
				AA4E48E429F23E5E001F5151 /* Window.framework in Frameworks */,
				AAD012A929F24AC0002C2932 /* UtilityShared.framework in Frameworks */,
			);
			runOnlyForDeploymentPostprocessing = 0;
		};
		AA4E48DB29F23E5E001F5151 /* Frameworks */ = {
			isa = PBXFrameworksBuildPhase;
			buildActionMask = 2147483647;
			files = (
				AAB4643429F36B1C000E7104 /* Landing.framework in Frameworks */,
				AAEDFC2329F373EE0031DF3A /* ChatroomLogin.framework in Frameworks */,
			);
			runOnlyForDeploymentPostprocessing = 0;
		};
		AA9E56F929F242C100510B3B /* Frameworks */ = {
			isa = PBXFrameworksBuildPhase;
			buildActionMask = 2147483647;
			files = (
				AAB4642F29F36B0A000E7104 /* UtilityShared.framework in Frameworks */,
			);
			runOnlyForDeploymentPostprocessing = 0;
		};
		AAB4641529F369FD000E7104 /* Frameworks */ = {
			isa = PBXFrameworksBuildPhase;
			buildActionMask = 2147483647;
			files = (
				AAB4642A29F36B01000E7104 /* UtilityShared.framework in Frameworks */,
			);
			runOnlyForDeploymentPostprocessing = 0;
		};
		AAD012A029F24AC0002C2932 /* Frameworks */ = {
			isa = PBXFrameworksBuildPhase;
			buildActionMask = 2147483647;
			files = (
			);
			runOnlyForDeploymentPostprocessing = 0;
		};
/* End PBXFrameworksBuildPhase section */

/* Begin PBXGroup section */
		AA4E48B829F23B2E001F5151 = {
			isa = PBXGroup;
			children = (
				AA4E48C329F23B2E001F5151 /* Konnecting_Demo_Viper */,
				AA4E48C229F23B2E001F5151 /* Products */,
				AAB4642929F36B01000E7104 /* Frameworks */,
			);
			sourceTree = "<group>";
		};
		AA4E48C229F23B2E001F5151 /* Products */ = {
			isa = PBXGroup;
			children = (
				AA4E48C129F23B2E001F5151 /* Konnecting_Demo_Viper.app */,
				AA4E48DE29F23E5E001F5151 /* Window.framework */,
				AA9E56FC29F242C100510B3B /* Landing.framework */,
				AAD012A329F24AC0002C2932 /* UtilityShared.framework */,
				AAB4641829F369FD000E7104 /* ChatroomLogin.framework */,
			);
			name = Products;
			sourceTree = "<group>";
		};
		AA4E48C329F23B2E001F5151 /* Konnecting_Demo_Viper */ = {
			isa = PBXGroup;
			children = (
				AA4E48D829F23E25001F5151 /* Modules */,
				AA4E48C429F23B2E001F5151 /* AppDelegate.swift */,
				AA4E48C629F23B2E001F5151 /* SceneDelegate.swift */,
				AA4E48C829F23B2E001F5151 /* ViewController.swift */,
				AA4E48CA29F23B2E001F5151 /* Main.storyboard */,
				AA4E48CD29F23B2F001F5151 /* Assets.xcassets */,
				AA4E48CF29F23B2F001F5151 /* LaunchScreen.storyboard */,
				AA4E48D229F23B2F001F5151 /* Info.plist */,
			);
			path = Konnecting_Demo_Viper;
			sourceTree = "<group>";
		};
		AA4E48D829F23E25001F5151 /* Modules */ = {
			isa = PBXGroup;
			children = (
				AA9E571F29F2443400510B3B /* Shared */,
				AA4E48DF29F23E5E001F5151 /* Window */,
				AAB4641929F369FD000E7104 /* ChatroomLogin */,
				AA9E56FD29F242C100510B3B /* Landing */,
			);
			path = Modules;
			sourceTree = "<group>";
		};
		AA4E48DF29F23E5E001F5151 /* Window */ = {
			isa = PBXGroup;
			children = (
				AA4E48E029F23E5E001F5151 /* Window.h */,
				AA4E48EA29F23EFC001F5151 /* Window.swift */,
				AA4E48EC29F23F80001F5151 /* Presenter.swift */,
				AA4E48EE29F23FE7001F5151 /* Router.swift */,
				AA4E48F029F2404F001F5151 /* Builder.swift */,
			);
			path = Window;
			sourceTree = "<group>";
		};
		AA9E56FD29F242C100510B3B /* Landing */ = {
			isa = PBXGroup;
			children = (
				AA9E56FE29F242C100510B3B /* Landing.h */,
				AA9E570729F2430F00510B3B /* Landing.storyboard */,
				AA9E570929F2433200510B3B /* LandingViewController.swift */,
				AA9E570D29F2439900510B3B /* Builder.swift */,
				AA9E572329F247A200510B3B /* Landing.xcassets */,
			);
			path = Landing;
			sourceTree = "<group>";
		};
		AA9E571F29F2443400510B3B /* Shared */ = {
			isa = PBXGroup;
			children = (
				AAD012A429F24AC0002C2932 /* UtilityShared */,
			);
			path = Shared;
			sourceTree = "<group>";
		};
		AAB4641929F369FD000E7104 /* ChatroomLogin */ = {
			isa = PBXGroup;
			children = (
				AAB4641A29F369FD000E7104 /* ChatroomLogin.h */,
				AAB4642329F36A54000E7104 /* ChatroomLogin.storyboard */,
				AAB4642529F36A6E000E7104 /* ChatroomLoginViewConrtoller.swift */,
				AAB4642729F36A97000E7104 /* Builder.swift */,
				AAB4643A29F36BBB000E7104 /* ChatroomLogin.xcassets */,
			);
			path = ChatroomLogin;
			sourceTree = "<group>";
		};
		AAB4642929F36B01000E7104 /* Frameworks */ = {
			isa = PBXGroup;
			children = (
			);
			name = Frameworks;
			sourceTree = "<group>";
		};
		AAD012A429F24AC0002C2932 /* UtilityShared */ = {
			isa = PBXGroup;
			children = (
				AAD012A529F24AC0002C2932 /* UtilityShared.h */,
				AAD012AE29F24AE0002C2932 /* UIViewController+Extensions.swift */,
			);
			path = UtilityShared;
			sourceTree = "<group>";
		};
/* End PBXGroup section */

/* Begin PBXHeadersBuildPhase section */
		AA4E48D929F23E5E001F5151 /* Headers */ = {
			isa = PBXHeadersBuildPhase;
			buildActionMask = 2147483647;
			files = (
				AA4E48E129F23E5E001F5151 /* Window.h in Headers */,
			);
			runOnlyForDeploymentPostprocessing = 0;
		};
		AA9E56F729F242C100510B3B /* Headers */ = {
			isa = PBXHeadersBuildPhase;
			buildActionMask = 2147483647;
			files = (
				AA9E56FF29F242C100510B3B /* Landing.h in Headers */,
			);
			runOnlyForDeploymentPostprocessing = 0;
		};
		AAB4641329F369FD000E7104 /* Headers */ = {
			isa = PBXHeadersBuildPhase;
			buildActionMask = 2147483647;
			files = (
				AAB4641B29F369FD000E7104 /* ChatroomLogin.h in Headers */,
			);
			runOnlyForDeploymentPostprocessing = 0;
		};
		AAD0129E29F24AC0002C2932 /* Headers */ = {
			isa = PBXHeadersBuildPhase;
			buildActionMask = 2147483647;
			files = (
				AAD012A629F24AC0002C2932 /* UtilityShared.h in Headers */,
			);
			runOnlyForDeploymentPostprocessing = 0;
		};
/* End PBXHeadersBuildPhase section */

/* Begin PBXNativeTarget section */
		AA4E48C029F23B2E001F5151 /* Konnecting_Demo_Viper */ = {
			isa = PBXNativeTarget;
			buildConfigurationList = AA4E48D529F23B2F001F5151 /* Build configuration list for PBXNativeTarget "Konnecting_Demo_Viper" */;
			buildPhases = (
				AA4E48BD29F23B2E001F5151 /* Sources */,
				AA4E48BE29F23B2E001F5151 /* Frameworks */,
				AA4E48BF29F23B2E001F5151 /* Resources */,
				AA4E48E929F23E5E001F5151 /* Embed Frameworks */,
			);
			buildRules = (
			);
			dependencies = (
				AA4E48E329F23E5E001F5151 /* PBXTargetDependency */,
				AA9E570129F242C100510B3B /* PBXTargetDependency */,
				AAD012A829F24AC0002C2932 /* PBXTargetDependency */,
				AAB4641D29F369FD000E7104 /* PBXTargetDependency */,
			);
			name = Konnecting_Demo_Viper;
			productName = Konnecting_Demo_Viper;
			productReference = AA4E48C129F23B2E001F5151 /* Konnecting_Demo_Viper.app */;
			productType = "com.apple.product-type.application";
		};
		AA4E48DD29F23E5E001F5151 /* Window */ = {
			isa = PBXNativeTarget;
			buildConfigurationList = AA4E48E629F23E5E001F5151 /* Build configuration list for PBXNativeTarget "Window" */;
			buildPhases = (
				AA4E48D929F23E5E001F5151 /* Headers */,
				AA4E48DA29F23E5E001F5151 /* Sources */,
				AA4E48DB29F23E5E001F5151 /* Frameworks */,
				AA4E48DC29F23E5E001F5151 /* Resources */,
				AAB4643829F36B1C000E7104 /* Embed Frameworks */,
			);
			buildRules = (
			);
			dependencies = (
				AAB4643729F36B1C000E7104 /* PBXTargetDependency */,
				AAEDFC2629F373EE0031DF3A /* PBXTargetDependency */,
			);
			name = Window;
			productName = Window;
			productReference = AA4E48DE29F23E5E001F5151 /* Window.framework */;
			productType = "com.apple.product-type.framework";
		};
		AA9E56FB29F242C100510B3B /* Landing */ = {
			isa = PBXNativeTarget;
			buildConfigurationList = AA9E570629F242C100510B3B /* Build configuration list for PBXNativeTarget "Landing" */;
			buildPhases = (
				AA9E56F729F242C100510B3B /* Headers */,
				AA9E56F829F242C100510B3B /* Sources */,
				AA9E56F929F242C100510B3B /* Frameworks */,
				AA9E56FA29F242C100510B3B /* Resources */,
				AAB4643329F36B0A000E7104 /* Embed Frameworks */,
				AAEDFC2929F386890031DF3A /* ShellScript */,
			);
			buildRules = (
			);
			dependencies = (
				AAB4643229F36B0A000E7104 /* PBXTargetDependency */,
			);
			name = Landing;
			productName = Landing;
			productReference = AA9E56FC29F242C100510B3B /* Landing.framework */;
			productType = "com.apple.product-type.framework";
		};
		AAB4641729F369FD000E7104 /* ChatroomLogin */ = {
			isa = PBXNativeTarget;
			buildConfigurationList = AAB4642229F369FD000E7104 /* Build configuration list for PBXNativeTarget "ChatroomLogin" */;
			buildPhases = (
				AAB4641329F369FD000E7104 /* Headers */,
				AAB4641429F369FD000E7104 /* Sources */,
				AAB4641529F369FD000E7104 /* Frameworks */,
				AAB4641629F369FD000E7104 /* Resources */,
				AAB4642E29F36B01000E7104 /* Embed Frameworks */,
			);
			buildRules = (
			);
			dependencies = (
				AAB4642D29F36B01000E7104 /* PBXTargetDependency */,
			);
			name = ChatroomLogin;
			productName = ChatroomLogin;
			productReference = AAB4641829F369FD000E7104 /* ChatroomLogin.framework */;
			productType = "com.apple.product-type.framework";
		};
		AAD012A229F24AC0002C2932 /* UtilityShared */ = {
			isa = PBXNativeTarget;
			buildConfigurationList = AAD012AB29F24AC0002C2932 /* Build configuration list for PBXNativeTarget "UtilityShared" */;
			buildPhases = (
				AAD0129E29F24AC0002C2932 /* Headers */,
				AAD0129F29F24AC0002C2932 /* Sources */,
				AAD012A029F24AC0002C2932 /* Frameworks */,
				AAD012A129F24AC0002C2932 /* Resources */,
			);
			buildRules = (
			);
			dependencies = (
			);
			name = UtilityShared;
			productName = UtilityShared;
			productReference = AAD012A329F24AC0002C2932 /* UtilityShared.framework */;
			productType = "com.apple.product-type.framework";
		};
/* End PBXNativeTarget section */

/* Begin PBXProject section */
		AA4E48B929F23B2E001F5151 /* Project object */ = {
			isa = PBXProject;
			attributes = {
				BuildIndependentTargetsInParallel = 1;
				LastSwiftUpdateCheck = 1420;
				LastUpgradeCheck = 1420;
				TargetAttributes = {
					AA4E48C029F23B2E001F5151 = {
						CreatedOnToolsVersion = 14.2;
					};
					AA4E48DD29F23E5E001F5151 = {
						CreatedOnToolsVersion = 14.2;
						LastSwiftMigration = 1420;
					};
					AA9E56FB29F242C100510B3B = {
						CreatedOnToolsVersion = 14.2;
						LastSwiftMigration = 1420;
					};
					AAB4641729F369FD000E7104 = {
						CreatedOnToolsVersion = 14.2;
						LastSwiftMigration = 1420;
					};
					AAD012A229F24AC0002C2932 = {
						CreatedOnToolsVersion = 14.2;
						LastSwiftMigration = 1420;
					};
				};
			};
			buildConfigurationList = AA4E48BC29F23B2E001F5151 /* Build configuration list for PBXProject "Konnecting_Demo_Viper" */;
			compatibilityVersion = "Xcode 14.0";
			developmentRegion = en;
			hasScannedForEncodings = 0;
			knownRegions = (
				en,
				Base,
			);
			mainGroup = AA4E48B829F23B2E001F5151;
			productRefGroup = AA4E48C229F23B2E001F5151 /* Products */;
			projectDirPath = "";
			projectRoot = "";
			targets = (
				AA4E48C029F23B2E001F5151 /* Konnecting_Demo_Viper */,
				AA4E48DD29F23E5E001F5151 /* Window */,
				AA9E56FB29F242C100510B3B /* Landing */,
				AAD012A229F24AC0002C2932 /* UtilityShared */,
				AAB4641729F369FD000E7104 /* ChatroomLogin */,
			);
		};
/* End PBXProject section */

/* Begin PBXResourcesBuildPhase section */
		AA4E48BF29F23B2E001F5151 /* Resources */ = {
			isa = PBXResourcesBuildPhase;
			buildActionMask = 2147483647;
			files = (
				AA4E48D129F23B2F001F5151 /* LaunchScreen.storyboard in Resources */,
				AA4E48CE29F23B2F001F5151 /* Assets.xcassets in Resources */,
				AA4E48CC29F23B2E001F5151 /* Main.storyboard in Resources */,
			);
			runOnlyForDeploymentPostprocessing = 0;
		};
		AA4E48DC29F23E5E001F5151 /* Resources */ = {
			isa = PBXResourcesBuildPhase;
			buildActionMask = 2147483647;
			files = (
			);
			runOnlyForDeploymentPostprocessing = 0;
		};
		AA9E56FA29F242C100510B3B /* Resources */ = {
			isa = PBXResourcesBuildPhase;
			buildActionMask = 2147483647;
			files = (
				AA9E570829F2430F00510B3B /* Landing.storyboard in Resources */,
				AA9E572429F247A200510B3B /* Landing.xcassets in Resources */,
			);
			runOnlyForDeploymentPostprocessing = 0;
		};
		AAB4641629F369FD000E7104 /* Resources */ = {
			isa = PBXResourcesBuildPhase;
			buildActionMask = 2147483647;
			files = (
				AAB4643B29F36BBB000E7104 /* ChatroomLogin.xcassets in Resources */,
				AAB4642429F36A54000E7104 /* ChatroomLogin.storyboard in Resources */,
			);
			runOnlyForDeploymentPostprocessing = 0;
		};
		AAD012A129F24AC0002C2932 /* Resources */ = {
			isa = PBXResourcesBuildPhase;
			buildActionMask = 2147483647;
			files = (
			);
			runOnlyForDeploymentPostprocessing = 0;
		};
/* End PBXResourcesBuildPhase section */

/* Begin PBXShellScriptBuildPhase section */
		AAEDFC2929F386890031DF3A /* ShellScript */ = {
			isa = PBXShellScriptBuildPhase;
			buildActionMask = 2147483647;
			files = (
			);
			inputFileListPaths = (
			);
			inputPaths = (
			);
			outputFileListPaths = (
			);
			outputPaths = (
			);
			runOnlyForDeploymentPostprocessing = 0;
			shellPath = /bin/sh;
			shellScript = "/usr/local/bin/carthage outdated --xcode-warnings 2>/dev/null\n";
		};
/* End PBXShellScriptBuildPhase section */

/* Begin PBXSourcesBuildPhase section */
		AA4E48BD29F23B2E001F5151 /* Sources */ = {
			isa = PBXSourcesBuildPhase;
			buildActionMask = 2147483647;
			files = (
				AA4E48C929F23B2E001F5151 /* ViewController.swift in Sources */,
				AA4E48C529F23B2E001F5151 /* AppDelegate.swift in Sources */,
				AA4E48C729F23B2E001F5151 /* SceneDelegate.swift in Sources */,
			);
			runOnlyForDeploymentPostprocessing = 0;
		};
		AA4E48DA29F23E5E001F5151 /* Sources */ = {
			isa = PBXSourcesBuildPhase;
			buildActionMask = 2147483647;
			files = (
				AA4E48ED29F23F80001F5151 /* Presenter.swift in Sources */,
				AA4E48EF29F23FE7001F5151 /* Router.swift in Sources */,
				AA4E48EB29F23EFC001F5151 /* Window.swift in Sources */,
				AA4E48F129F2404F001F5151 /* Builder.swift in Sources */,
			);
			runOnlyForDeploymentPostprocessing = 0;
		};
		AA9E56F829F242C100510B3B /* Sources */ = {
			isa = PBXSourcesBuildPhase;
			buildActionMask = 2147483647;
			files = (
				AA9E570A29F2433200510B3B /* LandingViewController.swift in Sources */,
				AA9E570E29F2439900510B3B /* Builder.swift in Sources */,
			);
			runOnlyForDeploymentPostprocessing = 0;
		};
		AAB4641429F369FD000E7104 /* Sources */ = {
			isa = PBXSourcesBuildPhase;
			buildActionMask = 2147483647;
			files = (
				AAB4642629F36A6E000E7104 /* ChatroomLoginViewConrtoller.swift in Sources */,
				AAB4643929F36B59000E7104 /* Builder.swift in Sources */,
			);
			runOnlyForDeploymentPostprocessing = 0;
		};
		AAD0129F29F24AC0002C2932 /* Sources */ = {
			isa = PBXSourcesBuildPhase;
			buildActionMask = 2147483647;
			files = (
				AAD012AF29F24AE0002C2932 /* UIViewController+Extensions.swift in Sources */,
			);
			runOnlyForDeploymentPostprocessing = 0;
		};
/* End PBXSourcesBuildPhase section */

/* Begin PBXTargetDependency section */
		AA4E48E329F23E5E001F5151 /* PBXTargetDependency */ = {
			isa = PBXTargetDependency;
			target = AA4E48DD29F23E5E001F5151 /* Window */;
			targetProxy = AA4E48E229F23E5E001F5151 /* PBXContainerItemProxy */;
		};
		AA9E570129F242C100510B3B /* PBXTargetDependency */ = {
			isa = PBXTargetDependency;
			target = AA9E56FB29F242C100510B3B /* Landing */;
			targetProxy = AA9E570029F242C100510B3B /* PBXContainerItemProxy */;
		};
		AAB4641D29F369FD000E7104 /* PBXTargetDependency */ = {
			isa = PBXTargetDependency;
			target = AAB4641729F369FD000E7104 /* ChatroomLogin */;
			targetProxy = AAB4641C29F369FD000E7104 /* PBXContainerItemProxy */;
		};
		AAB4642D29F36B01000E7104 /* PBXTargetDependency */ = {
			isa = PBXTargetDependency;
			target = AAD012A229F24AC0002C2932 /* UtilityShared */;
			targetProxy = AAB4642C29F36B01000E7104 /* PBXContainerItemProxy */;
		};
		AAB4643229F36B0A000E7104 /* PBXTargetDependency */ = {
			isa = PBXTargetDependency;
			target = AAD012A229F24AC0002C2932 /* UtilityShared */;
			targetProxy = AAB4643129F36B0A000E7104 /* PBXContainerItemProxy */;
		};
		AAB4643729F36B1C000E7104 /* PBXTargetDependency */ = {
			isa = PBXTargetDependency;
			target = AA9E56FB29F242C100510B3B /* Landing */;
			targetProxy = AAB4643629F36B1C000E7104 /* PBXContainerItemProxy */;
		};
		AAD012A829F24AC0002C2932 /* PBXTargetDependency */ = {
			isa = PBXTargetDependency;
			target = AAD012A229F24AC0002C2932 /* UtilityShared */;
			targetProxy = AAD012A729F24AC0002C2932 /* PBXContainerItemProxy */;
		};
		AAEDFC2629F373EE0031DF3A /* PBXTargetDependency */ = {
			isa = PBXTargetDependency;
			target = AAB4641729F369FD000E7104 /* ChatroomLogin */;
			targetProxy = AAEDFC2529F373EE0031DF3A /* PBXContainerItemProxy */;
		};
/* End PBXTargetDependency section */

/* Begin PBXVariantGroup section */
		AA4E48CA29F23B2E001F5151 /* Main.storyboard */ = {
			isa = PBXVariantGroup;
			children = (
				AA4E48CB29F23B2E001F5151 /* Base */,
			);
			name = Main.storyboard;
			sourceTree = "<group>";
		};
		AA4E48CF29F23B2F001F5151 /* LaunchScreen.storyboard */ = {
			isa = PBXVariantGroup;
			children = (
				AA4E48D029F23B2F001F5151 /* Base */,
			);
			name = LaunchScreen.storyboard;
			sourceTree = "<group>";
		};
/* End PBXVariantGroup section */

/* Begin XCBuildConfiguration section */
		AA4E48D329F23B2F001F5151 /* Debug */ = {
			isa = XCBuildConfiguration;
			buildSettings = {
				ALWAYS_SEARCH_USER_PATHS = NO;
				CLANG_ANALYZER_NONNULL = YES;
				CLANG_ANALYZER_NUMBER_OBJECT_CONVERSION = YES_AGGRESSIVE;
				CLANG_CXX_LANGUAGE_STANDARD = "gnu++20";
				CLANG_ENABLE_MODULES = YES;
				CLANG_ENABLE_OBJC_ARC = YES;
				CLANG_ENABLE_OBJC_WEAK = YES;
				CLANG_WARN_BLOCK_CAPTURE_AUTORELEASING = YES;
				CLANG_WARN_BOOL_CONVERSION = YES;
				CLANG_WARN_COMMA = YES;
				CLANG_WARN_CONSTANT_CONVERSION = YES;
				CLANG_WARN_DEPRECATED_OBJC_IMPLEMENTATIONS = YES;
				CLANG_WARN_DIRECT_OBJC_ISA_USAGE = YES_ERROR;
				CLANG_WARN_DOCUMENTATION_COMMENTS = YES;
				CLANG_WARN_EMPTY_BODY = YES;
				CLANG_WARN_ENUM_CONVERSION = YES;
				CLANG_WARN_INFINITE_RECURSION = YES;
				CLANG_WARN_INT_CONVERSION = YES;
				CLANG_WARN_NON_LITERAL_NULL_CONVERSION = YES;
				CLANG_WARN_OBJC_IMPLICIT_RETAIN_SELF = YES;
				CLANG_WARN_OBJC_LITERAL_CONVERSION = YES;
				CLANG_WARN_OBJC_ROOT_CLASS = YES_ERROR;
				CLANG_WARN_QUOTED_INCLUDE_IN_FRAMEWORK_HEADER = YES;
				CLANG_WARN_RANGE_LOOP_ANALYSIS = YES;
				CLANG_WARN_STRICT_PROTOTYPES = YES;
				CLANG_WARN_SUSPICIOUS_MOVE = YES;
				CLANG_WARN_UNGUARDED_AVAILABILITY = YES_AGGRESSIVE;
				CLANG_WARN_UNREACHABLE_CODE = YES;
				CLANG_WARN__DUPLICATE_METHOD_MATCH = YES;
				COPY_PHASE_STRIP = NO;
				DEBUG_INFORMATION_FORMAT = dwarf;
				ENABLE_STRICT_OBJC_MSGSEND = YES;
				ENABLE_TESTABILITY = YES;
				GCC_C_LANGUAGE_STANDARD = gnu11;
				GCC_DYNAMIC_NO_PIC = NO;
				GCC_NO_COMMON_BLOCKS = YES;
				GCC_OPTIMIZATION_LEVEL = 0;
				GCC_PREPROCESSOR_DEFINITIONS = (
					"DEBUG=1",
					"$(inherited)",
				);
				GCC_WARN_64_TO_32_BIT_CONVERSION = YES;
				GCC_WARN_ABOUT_RETURN_TYPE = YES_ERROR;
				GCC_WARN_UNDECLARED_SELECTOR = YES;
				GCC_WARN_UNINITIALIZED_AUTOS = YES_AGGRESSIVE;
				GCC_WARN_UNUSED_FUNCTION = YES;
				GCC_WARN_UNUSED_VARIABLE = YES;
				IPHONEOS_DEPLOYMENT_TARGET = 16.2;
				MTL_ENABLE_DEBUG_INFO = INCLUDE_SOURCE;
				MTL_FAST_MATH = YES;
				ONLY_ACTIVE_ARCH = YES;
				SDKROOT = iphoneos;
				SWIFT_ACTIVE_COMPILATION_CONDITIONS = DEBUG;
				SWIFT_OPTIMIZATION_LEVEL = "-Onone";
			};
			name = Debug;
		};
		AA4E48D429F23B2F001F5151 /* Release */ = {
			isa = XCBuildConfiguration;
			buildSettings = {
				ALWAYS_SEARCH_USER_PATHS = NO;
				CLANG_ANALYZER_NONNULL = YES;
				CLANG_ANALYZER_NUMBER_OBJECT_CONVERSION = YES_AGGRESSIVE;
				CLANG_CXX_LANGUAGE_STANDARD = "gnu++20";
				CLANG_ENABLE_MODULES = YES;
				CLANG_ENABLE_OBJC_ARC = YES;
				CLANG_ENABLE_OBJC_WEAK = YES;
				CLANG_WARN_BLOCK_CAPTURE_AUTORELEASING = YES;
				CLANG_WARN_BOOL_CONVERSION = YES;
				CLANG_WARN_COMMA = YES;
				CLANG_WARN_CONSTANT_CONVERSION = YES;
				CLANG_WARN_DEPRECATED_OBJC_IMPLEMENTATIONS = YES;
				CLANG_WARN_DIRECT_OBJC_ISA_USAGE = YES_ERROR;
				CLANG_WARN_DOCUMENTATION_COMMENTS = YES;
				CLANG_WARN_EMPTY_BODY = YES;
				CLANG_WARN_ENUM_CONVERSION = YES;
				CLANG_WARN_INFINITE_RECURSION = YES;
				CLANG_WARN_INT_CONVERSION = YES;
				CLANG_WARN_NON_LITERAL_NULL_CONVERSION = YES;
				CLANG_WARN_OBJC_IMPLICIT_RETAIN_SELF = YES;
				CLANG_WARN_OBJC_LITERAL_CONVERSION = YES;
				CLANG_WARN_OBJC_ROOT_CLASS = YES_ERROR;
				CLANG_WARN_QUOTED_INCLUDE_IN_FRAMEWORK_HEADER = YES;
				CLANG_WARN_RANGE_LOOP_ANALYSIS = YES;
				CLANG_WARN_STRICT_PROTOTYPES = YES;
				CLANG_WARN_SUSPICIOUS_MOVE = YES;
				CLANG_WARN_UNGUARDED_AVAILABILITY = YES_AGGRESSIVE;
				CLANG_WARN_UNREACHABLE_CODE = YES;
				CLANG_WARN__DUPLICATE_METHOD_MATCH = YES;
				COPY_PHASE_STRIP = NO;
				DEBUG_INFORMATION_FORMAT = "dwarf-with-dsym";
				ENABLE_NS_ASSERTIONS = NO;
				ENABLE_STRICT_OBJC_MSGSEND = YES;
				GCC_C_LANGUAGE_STANDARD = gnu11;
				GCC_NO_COMMON_BLOCKS = YES;
				GCC_WARN_64_TO_32_BIT_CONVERSION = YES;
				GCC_WARN_ABOUT_RETURN_TYPE = YES_ERROR;
				GCC_WARN_UNDECLARED_SELECTOR = YES;
				GCC_WARN_UNINITIALIZED_AUTOS = YES_AGGRESSIVE;
				GCC_WARN_UNUSED_FUNCTION = YES;
				GCC_WARN_UNUSED_VARIABLE = YES;
				IPHONEOS_DEPLOYMENT_TARGET = 16.2;
				MTL_ENABLE_DEBUG_INFO = NO;
				MTL_FAST_MATH = YES;
				SDKROOT = iphoneos;
				SWIFT_COMPILATION_MODE = wholemodule;
				SWIFT_OPTIMIZATION_LEVEL = "-O";
				VALIDATE_PRODUCT = YES;
			};
			name = Release;
		};
		AA4E48D629F23B2F001F5151 /* Debug */ = {
			isa = XCBuildConfiguration;
			buildSettings = {
				ALWAYS_EMBED_SWIFT_STANDARD_LIBRARIES = YES;
				ASSETCATALOG_COMPILER_APPICON_NAME = AppIcon;
				ASSETCATALOG_COMPILER_GLOBAL_ACCENT_COLOR_NAME = AccentColor;
				CODE_SIGN_STYLE = Automatic;
				CURRENT_PROJECT_VERSION = 1;
				DEVELOPMENT_TEAM = R96V6F8ZCQ;
				GENERATE_INFOPLIST_FILE = YES;
				INFOPLIST_FILE = Konnecting_Demo_Viper/Info.plist;
				INFOPLIST_KEY_UIApplicationSupportsIndirectInputEvents = YES;
				INFOPLIST_KEY_UILaunchStoryboardName = LaunchScreen;
				INFOPLIST_KEY_UISupportedInterfaceOrientations = UIInterfaceOrientationPortrait;
				IPHONEOS_DEPLOYMENT_TARGET = 13.0;
				LD_RUNPATH_SEARCH_PATHS = (
					"$(inherited)",
					"@executable_path/Frameworks",
				);
				MARKETING_VERSION = 1.0;
				PRODUCT_BUNDLE_IDENTIFIER = "com.dukena.Konnecting-Demo-Viper";
				PRODUCT_NAME = "$(TARGET_NAME)";
				SWIFT_EMIT_LOC_STRINGS = YES;
				SWIFT_VERSION = 5.0;
				TARGETED_DEVICE_FAMILY = "1,2";
			};
			name = Debug;
		};
		AA4E48D729F23B2F001F5151 /* Release */ = {
			isa = XCBuildConfiguration;
			buildSettings = {
				ALWAYS_EMBED_SWIFT_STANDARD_LIBRARIES = YES;
				ASSETCATALOG_COMPILER_APPICON_NAME = AppIcon;
				ASSETCATALOG_COMPILER_GLOBAL_ACCENT_COLOR_NAME = AccentColor;
				CODE_SIGN_STYLE = Automatic;
				CURRENT_PROJECT_VERSION = 1;
				DEVELOPMENT_TEAM = R96V6F8ZCQ;
				GENERATE_INFOPLIST_FILE = YES;
				INFOPLIST_FILE = Konnecting_Demo_Viper/Info.plist;
				INFOPLIST_KEY_UIApplicationSupportsIndirectInputEvents = YES;
				INFOPLIST_KEY_UILaunchStoryboardName = LaunchScreen;
				INFOPLIST_KEY_UISupportedInterfaceOrientations = UIInterfaceOrientationPortrait;
				IPHONEOS_DEPLOYMENT_TARGET = 13.0;
				LD_RUNPATH_SEARCH_PATHS = (
					"$(inherited)",
					"@executable_path/Frameworks",
				);
				MARKETING_VERSION = 1.0;
				PRODUCT_BUNDLE_IDENTIFIER = "com.dukena.Konnecting-Demo-Viper";
				PRODUCT_NAME = "$(TARGET_NAME)";
				SWIFT_EMIT_LOC_STRINGS = YES;
				SWIFT_VERSION = 5.0;
				TARGETED_DEVICE_FAMILY = "1,2";
			};
			name = Release;
		};
		AA4E48E729F23E5E001F5151 /* Debug */ = {
			isa = XCBuildConfiguration;
			buildSettings = {
				CLANG_ENABLE_MODULES = YES;
				CODE_SIGN_STYLE = Automatic;
				CURRENT_PROJECT_VERSION = 1;
				DEFINES_MODULE = YES;
				DEVELOPMENT_TEAM = R96V6F8ZCQ;
				DYLIB_COMPATIBILITY_VERSION = 1;
				DYLIB_CURRENT_VERSION = 1;
				DYLIB_INSTALL_NAME_BASE = "@rpath";
				GENERATE_INFOPLIST_FILE = YES;
				INFOPLIST_KEY_NSHumanReadableCopyright = "";
				INSTALL_PATH = "$(LOCAL_LIBRARY_DIR)/Frameworks";
				IPHONEOS_DEPLOYMENT_TARGET = 13.0;
				LD_RUNPATH_SEARCH_PATHS = (
					"$(inherited)",
					"@executable_path/Frameworks",
					"@loader_path/Frameworks",
				);
				MARKETING_VERSION = 1.0;
				PRODUCT_BUNDLE_IDENTIFIER = com.dukena.Window;
				PRODUCT_NAME = "$(TARGET_NAME:c99extidentifier)";
				SKIP_INSTALL = YES;
				SWIFT_EMIT_LOC_STRINGS = YES;
				SWIFT_OPTIMIZATION_LEVEL = "-Onone";
				SWIFT_VERSION = 5.0;
				TARGETED_DEVICE_FAMILY = "1,2";
				VERSIONING_SYSTEM = "apple-generic";
				VERSION_INFO_PREFIX = "";
			};
			name = Debug;
		};
		AA4E48E829F23E5E001F5151 /* Release */ = {
			isa = XCBuildConfiguration;
			buildSettings = {
				CLANG_ENABLE_MODULES = YES;
				CODE_SIGN_STYLE = Automatic;
				CURRENT_PROJECT_VERSION = 1;
				DEFINES_MODULE = YES;
				DEVELOPMENT_TEAM = R96V6F8ZCQ;
				DYLIB_COMPATIBILITY_VERSION = 1;
				DYLIB_CURRENT_VERSION = 1;
				DYLIB_INSTALL_NAME_BASE = "@rpath";
				GENERATE_INFOPLIST_FILE = YES;
				INFOPLIST_KEY_NSHumanReadableCopyright = "";
				INSTALL_PATH = "$(LOCAL_LIBRARY_DIR)/Frameworks";
				IPHONEOS_DEPLOYMENT_TARGET = 13.0;
				LD_RUNPATH_SEARCH_PATHS = (
					"$(inherited)",
					"@executable_path/Frameworks",
					"@loader_path/Frameworks",
				);
				MARKETING_VERSION = 1.0;
				PRODUCT_BUNDLE_IDENTIFIER = com.dukena.Window;
				PRODUCT_NAME = "$(TARGET_NAME:c99extidentifier)";
				SKIP_INSTALL = YES;
				SWIFT_EMIT_LOC_STRINGS = YES;
				SWIFT_VERSION = 5.0;
				TARGETED_DEVICE_FAMILY = "1,2";
				VERSIONING_SYSTEM = "apple-generic";
				VERSION_INFO_PREFIX = "";
			};
			name = Release;
		};
		AA9E570429F242C100510B3B /* Debug */ = {
			isa = XCBuildConfiguration;
			buildSettings = {
				CLANG_ENABLE_MODULES = YES;
				CODE_SIGN_STYLE = Automatic;
				CURRENT_PROJECT_VERSION = 1;
				DEFINES_MODULE = YES;
				DEVELOPMENT_TEAM = R96V6F8ZCQ;
				DYLIB_COMPATIBILITY_VERSION = 1;
				DYLIB_CURRENT_VERSION = 1;
				DYLIB_INSTALL_NAME_BASE = "@rpath";
				GENERATE_INFOPLIST_FILE = YES;
				INFOPLIST_KEY_NSHumanReadableCopyright = "";
				INSTALL_PATH = "$(LOCAL_LIBRARY_DIR)/Frameworks";
				IPHONEOS_DEPLOYMENT_TARGET = 13.0;
				LD_RUNPATH_SEARCH_PATHS = (
					"$(inherited)",
					"@executable_path/Frameworks",
					"@loader_path/Frameworks",
				);
				MARKETING_VERSION = 1.0;
				PRODUCT_BUNDLE_IDENTIFIER = com.dukena.Landing;
				PRODUCT_NAME = "$(TARGET_NAME:c99extidentifier)";
				SKIP_INSTALL = YES;
				SWIFT_EMIT_LOC_STRINGS = YES;
				SWIFT_OPTIMIZATION_LEVEL = "-Onone";
				SWIFT_VERSION = 5.0;
				TARGETED_DEVICE_FAMILY = "1,2";
				VERSIONING_SYSTEM = "apple-generic";
				VERSION_INFO_PREFIX = "";
			};
			name = Debug;
		};
		AA9E570529F242C100510B3B /* Release */ = {
			isa = XCBuildConfiguration;
			buildSettings = {
				CLANG_ENABLE_MODULES = YES;
				CODE_SIGN_STYLE = Automatic;
				CURRENT_PROJECT_VERSION = 1;
				DEFINES_MODULE = YES;
				DEVELOPMENT_TEAM = R96V6F8ZCQ;
				DYLIB_COMPATIBILITY_VERSION = 1;
				DYLIB_CURRENT_VERSION = 1;
				DYLIB_INSTALL_NAME_BASE = "@rpath";
				GENERATE_INFOPLIST_FILE = YES;
				INFOPLIST_KEY_NSHumanReadableCopyright = "";
				INSTALL_PATH = "$(LOCAL_LIBRARY_DIR)/Frameworks";
				IPHONEOS_DEPLOYMENT_TARGET = 13.0;
				LD_RUNPATH_SEARCH_PATHS = (
					"$(inherited)",
					"@executable_path/Frameworks",
					"@loader_path/Frameworks",
				);
				MARKETING_VERSION = 1.0;
				PRODUCT_BUNDLE_IDENTIFIER = com.dukena.Landing;
				PRODUCT_NAME = "$(TARGET_NAME:c99extidentifier)";
				SKIP_INSTALL = YES;
				SWIFT_EMIT_LOC_STRINGS = YES;
				SWIFT_VERSION = 5.0;
				TARGETED_DEVICE_FAMILY = "1,2";
				VERSIONING_SYSTEM = "apple-generic";
				VERSION_INFO_PREFIX = "";
			};
			name = Release;
		};
		AAB4642029F369FD000E7104 /* Debug */ = {
			isa = XCBuildConfiguration;
			buildSettings = {
				CLANG_ENABLE_MODULES = YES;
				CODE_SIGN_STYLE = Automatic;
				CURRENT_PROJECT_VERSION = 1;
				DEFINES_MODULE = YES;
				DEVELOPMENT_TEAM = R96V6F8ZCQ;
				DYLIB_COMPATIBILITY_VERSION = 1;
				DYLIB_CURRENT_VERSION = 1;
				DYLIB_INSTALL_NAME_BASE = "@rpath";
				GENERATE_INFOPLIST_FILE = YES;
				INFOPLIST_KEY_NSHumanReadableCopyright = "";
				INSTALL_PATH = "$(LOCAL_LIBRARY_DIR)/Frameworks";
				IPHONEOS_DEPLOYMENT_TARGET = 13.0;
				LD_RUNPATH_SEARCH_PATHS = (
					"$(inherited)",
					"@executable_path/Frameworks",
					"@loader_path/Frameworks",
				);
				MARKETING_VERSION = 1.0;
				PRODUCT_BUNDLE_IDENTIFIER = com.dukena.ChatroomLogin;
				PRODUCT_NAME = "$(TARGET_NAME:c99extidentifier)";
				SKIP_INSTALL = YES;
				SWIFT_EMIT_LOC_STRINGS = YES;
				SWIFT_OPTIMIZATION_LEVEL = "-Onone";
				SWIFT_VERSION = 5.0;
				TARGETED_DEVICE_FAMILY = "1,2";
				VERSIONING_SYSTEM = "apple-generic";
				VERSION_INFO_PREFIX = "";
			};
			name = Debug;
		};
		AAB4642129F369FD000E7104 /* Release */ = {
			isa = XCBuildConfiguration;
			buildSettings = {
				CLANG_ENABLE_MODULES = YES;
				CODE_SIGN_STYLE = Automatic;
				CURRENT_PROJECT_VERSION = 1;
				DEFINES_MODULE = YES;
				DEVELOPMENT_TEAM = R96V6F8ZCQ;
				DYLIB_COMPATIBILITY_VERSION = 1;
				DYLIB_CURRENT_VERSION = 1;
				DYLIB_INSTALL_NAME_BASE = "@rpath";
				GENERATE_INFOPLIST_FILE = YES;
				INFOPLIST_KEY_NSHumanReadableCopyright = "";
				INSTALL_PATH = "$(LOCAL_LIBRARY_DIR)/Frameworks";
				IPHONEOS_DEPLOYMENT_TARGET = 13.0;
				LD_RUNPATH_SEARCH_PATHS = (
					"$(inherited)",
					"@executable_path/Frameworks",
					"@loader_path/Frameworks",
				);
				MARKETING_VERSION = 1.0;
				PRODUCT_BUNDLE_IDENTIFIER = com.dukena.ChatroomLogin;
				PRODUCT_NAME = "$(TARGET_NAME:c99extidentifier)";
				SKIP_INSTALL = YES;
				SWIFT_EMIT_LOC_STRINGS = YES;
				SWIFT_VERSION = 5.0;
				TARGETED_DEVICE_FAMILY = "1,2";
				VERSIONING_SYSTEM = "apple-generic";
				VERSION_INFO_PREFIX = "";
			};
			name = Release;
		};
		AAD012AC29F24AC0002C2932 /* Debug */ = {
			isa = XCBuildConfiguration;
			buildSettings = {
				CLANG_ENABLE_MODULES = YES;
				CODE_SIGN_STYLE = Automatic;
				CURRENT_PROJECT_VERSION = 1;
				DEFINES_MODULE = YES;
				DEVELOPMENT_TEAM = R96V6F8ZCQ;
				DYLIB_COMPATIBILITY_VERSION = 1;
				DYLIB_CURRENT_VERSION = 1;
				DYLIB_INSTALL_NAME_BASE = "@rpath";
				GENERATE_INFOPLIST_FILE = YES;
				INFOPLIST_KEY_NSHumanReadableCopyright = "";
				INSTALL_PATH = "$(LOCAL_LIBRARY_DIR)/Frameworks";
				IPHONEOS_DEPLOYMENT_TARGET = 13.0;
				LD_RUNPATH_SEARCH_PATHS = (
					"$(inherited)",
					"@executable_path/Frameworks",
					"@loader_path/Frameworks",
				);
				MARKETING_VERSION = 1.0;
				PRODUCT_BUNDLE_IDENTIFIER = com.dukena.UtilityShared;
				PRODUCT_NAME = "$(TARGET_NAME:c99extidentifier)";
				SKIP_INSTALL = YES;
				SWIFT_EMIT_LOC_STRINGS = YES;
				SWIFT_OPTIMIZATION_LEVEL = "-Onone";
				SWIFT_VERSION = 5.0;
				TARGETED_DEVICE_FAMILY = "1,2";
				VERSIONING_SYSTEM = "apple-generic";
				VERSION_INFO_PREFIX = "";
			};
			name = Debug;
		};
		AAD012AD29F24AC0002C2932 /* Release */ = {
			isa = XCBuildConfiguration;
			buildSettings = {
				CLANG_ENABLE_MODULES = YES;
				CODE_SIGN_STYLE = Automatic;
				CURRENT_PROJECT_VERSION = 1;
				DEFINES_MODULE = YES;
				DEVELOPMENT_TEAM = R96V6F8ZCQ;
				DYLIB_COMPATIBILITY_VERSION = 1;
				DYLIB_CURRENT_VERSION = 1;
				DYLIB_INSTALL_NAME_BASE = "@rpath";
				GENERATE_INFOPLIST_FILE = YES;
				INFOPLIST_KEY_NSHumanReadableCopyright = "";
				INSTALL_PATH = "$(LOCAL_LIBRARY_DIR)/Frameworks";
				IPHONEOS_DEPLOYMENT_TARGET = 13.0;
				LD_RUNPATH_SEARCH_PATHS = (
					"$(inherited)",
					"@executable_path/Frameworks",
					"@loader_path/Frameworks",
				);
				MARKETING_VERSION = 1.0;
				PRODUCT_BUNDLE_IDENTIFIER = com.dukena.UtilityShared;
				PRODUCT_NAME = "$(TARGET_NAME:c99extidentifier)";
				SKIP_INSTALL = YES;
				SWIFT_EMIT_LOC_STRINGS = YES;
				SWIFT_VERSION = 5.0;
				TARGETED_DEVICE_FAMILY = "1,2";
				VERSIONING_SYSTEM = "apple-generic";
				VERSION_INFO_PREFIX = "";
			};
			name = Release;
		};
/* End XCBuildConfiguration section */

/* Begin XCConfigurationList section */
		AA4E48BC29F23B2E001F5151 /* Build configuration list for PBXProject "Konnecting_Demo_Viper" */ = {
			isa = XCConfigurationList;
			buildConfigurations = (
				AA4E48D329F23B2F001F5151 /* Debug */,
				AA4E48D429F23B2F001F5151 /* Release */,
			);
			defaultConfigurationIsVisible = 0;
			defaultConfigurationName = Release;
		};
		AA4E48D529F23B2F001F5151 /* Build configuration list for PBXNativeTarget "Konnecting_Demo_Viper" */ = {
			isa = XCConfigurationList;
			buildConfigurations = (
				AA4E48D629F23B2F001F5151 /* Debug */,
				AA4E48D729F23B2F001F5151 /* Release */,
			);
			defaultConfigurationIsVisible = 0;
			defaultConfigurationName = Release;
		};
		AA4E48E629F23E5E001F5151 /* Build configuration list for PBXNativeTarget "Window" */ = {
			isa = XCConfigurationList;
			buildConfigurations = (
				AA4E48E729F23E5E001F5151 /* Debug */,
				AA4E48E829F23E5E001F5151 /* Release */,
			);
			defaultConfigurationIsVisible = 0;
			defaultConfigurationName = Release;
		};
		AA9E570629F242C100510B3B /* Build configuration list for PBXNativeTarget "Landing" */ = {
			isa = XCConfigurationList;
			buildConfigurations = (
				AA9E570429F242C100510B3B /* Debug */,
				AA9E570529F242C100510B3B /* Release */,
			);
			defaultConfigurationIsVisible = 0;
			defaultConfigurationName = Release;
		};
		AAB4642229F369FD000E7104 /* Build configuration list for PBXNativeTarget "ChatroomLogin" */ = {
			isa = XCConfigurationList;
			buildConfigurations = (
				AAB4642029F369FD000E7104 /* Debug */,
				AAB4642129F369FD000E7104 /* Release */,
			);
			defaultConfigurationIsVisible = 0;
			defaultConfigurationName = Release;
		};
		AAD012AB29F24AC0002C2932 /* Build configuration list for PBXNativeTarget "UtilityShared" */ = {
			isa = XCConfigurationList;
			buildConfigurations = (
				AAD012AC29F24AC0002C2932 /* Debug */,
				AAD012AD29F24AC0002C2932 /* Release */,
			);
			defaultConfigurationIsVisible = 0;
			defaultConfigurationName = Release;
		};
/* End XCConfigurationList section */
	};
	rootObject = AA4E48B929F23B2E001F5151 /* Project object */;
}
